{
  "name": "RT3",
  "lockfileVersion": 3,
  "requires": true,
  "packages": {
    "": {
      "dependencies": {
        "modulots": "github:ViniElias/ModuloTS"
      }
    },
    "node_modules/modulots": {
      "version": "1.0.0",
      "resolved": "git+ssh://git@github.com/ViniElias/ModuloTS.git#e7d9dd66896063dba79d7e5f2bb7511768e28f67",
      "license": "ISC"
    }
  }
}
